
Microsoft Visual Studio Solution File, Format Version 12.00
# Visual Studio 15
VisualStudioVersion = 15.0.26228.4
MinimumVisualStudioVersion = 10.0.40219.1
Project("{FAE04EC0-301F-11D3-BF4B-00C04F79EFBC}") = "StructsAndEnums", "StructsAndEnums\StructsAndEnums.csproj", "{BA85A42E-D6CE-46B3-88B5-3C352E5FBEB0}"
EndProject
Global
	GlobalSection(SolutionConfigurationPlatforms) = preSolution
		Debug|Any CPU = Debug|Any CPU
		Release|Any CPU = Release|Any CPU
	EndGlobalSection
	GlobalSection(ProjectConfigurationPlatforms) = postSolution
		{BA85A42E-D6CE-46B3-88B5-3C352E5FBEB0}.Debug|Any CPU.ActiveCfg = Debug|Any CPU
		{BA85A42E-D6CE-46B3-88B5-3C352E5FBEB0}.Debug|Any CPU.Build.0 = Debug|Any CPU
		{BA85A42E-D6CE-46B3-88B5-3C352E5FBEB0}.Release|Any CPU.ActiveCfg = Release|Any CPU
		{BA85A42E-D6CE-46B3-88B5-3C352E5FBEB0}.Release|Any CPU.Build.0 = Release|Any CPU
	EndGlobalSection
	GlobalSection(SolutionProperties) = preSolution
		HideSolutionNode = FALSE
	EndGlobalSection
EndGlobal
